// !$*UTF8*$!
{
	archiveVersion = 1;
	classes = {
	};
	objectVersion = 56;
	objects = {

/* Begin PBXBuildFile section */
		2C13C17C2993B20B00AFF25F /* LogStats.swift in Sources */ = {isa = PBXBuildFile; fileRef = 2C13C17B2993B20B00AFF25F /* LogStats.swift */; };
		2C13C17F299416F700AFF25F /* ArgumentParser in Frameworks */ = {isa = PBXBuildFile; productRef = 2C13C17E299416F700AFF25F /* ArgumentParser */; };
		2C13C1812994F6C400AFF25F /* LineBuffer.swift in Sources */ = {isa = PBXBuildFile; fileRef = 2C13C1802994F6C400AFF25F /* LineBuffer.swift */; };
		2C13C1832994F73700AFF25F /* LogStreamer+run.swift in Sources */ = {isa = PBXBuildFile; fileRef = 2C13C1822994F73700AFF25F /* LogStreamer+run.swift */; };
		2C13C1852994F81100AFF25F /* LogStreamer+doc.swift in Sources */ = {isa = PBXBuildFile; fileRef = 2C13C1842994F81100AFF25F /* LogStreamer+doc.swift */; };
		2C2869C5299A51A40087BBF3 /* LogStats+KeyValue.swift in Sources */ = {isa = PBXBuildFile; fileRef = 2C2869C4299A51A40087BBF3 /* LogStats+KeyValue.swift */; };
		2C5AAC832991018A002F4A77 /* LogRecord.swift in Sources */ = {isa = PBXBuildFile; fileRef = 2C5AAC822991018A002F4A77 /* LogRecord.swift */; };
		2C64DCD12997B59B00B18740 /* LogRecordSave.swift in Sources */ = {isa = PBXBuildFile; fileRef = 2C64DCD02997B59B00B18740 /* LogRecordSave.swift */; };
		2CC0E43429A35FE600B4F5DD /* Logger+extensions.swift in Sources */ = {isa = PBXBuildFile; fileRef = 2CC0E43329A35FE600B4F5DD /* Logger+extensions.swift */; };
		2CFADBCA298E811C002E89CB /* LogStreamer.swift in Sources */ = {isa = PBXBuildFile; fileRef = 2CFADBC9298E811C002E89CB /* LogStreamer.swift */; };
/* End PBXBuildFile section */

/* Begin PBXCopyFilesBuildPhase section */
		2CFADBC4298E811C002E89CB /* CopyFiles */ = {
			isa = PBXCopyFilesBuildPhase;
			buildActionMask = 2147483647;
			dstPath = /usr/share/man/man1/;
			dstSubfolderSpec = 0;
			files = (
			);
			runOnlyForDeploymentPostprocessing = 1;
		};
/* End PBXCopyFilesBuildPhase section */

/* Begin PBXFileReference section */
		2C13C17B2993B20B00AFF25F /* LogStats.swift */ = {isa = PBXFileReference; lastKnownFileType = sourcecode.swift; path = LogStats.swift; sourceTree = "<group>"; };
		2C13C1802994F6C400AFF25F /* LineBuffer.swift */ = {isa = PBXFileReference; lastKnownFileType = sourcecode.swift; path = LineBuffer.swift; sourceTree = "<group>"; };
		2C13C1822994F73700AFF25F /* LogStreamer+run.swift */ = {isa = PBXFileReference; lastKnownFileType = sourcecode.swift; path = "LogStreamer+run.swift"; sourceTree = "<group>"; };
		2C13C1842994F81100AFF25F /* LogStreamer+doc.swift */ = {isa = PBXFileReference; lastKnownFileType = sourcecode.swift; path = "LogStreamer+doc.swift"; sourceTree = "<group>"; };
		2C2869C4299A51A40087BBF3 /* LogStats+KeyValue.swift */ = {isa = PBXFileReference; lastKnownFileType = sourcecode.swift; path = "LogStats+KeyValue.swift"; sourceTree = "<group>"; };
		2C2869C6299B83B90087BBF3 /* README.md */ = {isa = PBXFileReference; lastKnownFileType = net.daringfireball.markdown; path = README.md; sourceTree = "<group>"; };
		2C5AAC822991018A002F4A77 /* LogRecord.swift */ = {isa = PBXFileReference; lastKnownFileType = sourcecode.swift; path = LogRecord.swift; sourceTree = "<group>"; };
		2C64DCD02997B59B00B18740 /* LogRecordSave.swift */ = {isa = PBXFileReference; lastKnownFileType = sourcecode.swift; path = LogRecordSave.swift; sourceTree = "<group>"; };
		2CC0E43329A35FE600B4F5DD /* Logger+extensions.swift */ = {isa = PBXFileReference; lastKnownFileType = sourcecode.swift; path = "Logger+extensions.swift"; sourceTree = "<group>"; };
		2CC0E43529A3700800B4F5DD /* Info.plist */ = {isa = PBXFileReference; lastKnownFileType = text.plist.xml; path = Info.plist; sourceTree = "<group>"; };
		2CFADBC6298E811C002E89CB /* logdreamer */ = {isa = PBXFileReference; explicitFileType = "compiled.mach-o.executable"; includeInIndex = 0; path = logdreamer; sourceTree = BUILT_PRODUCTS_DIR; };
		2CFADBC9298E811C002E89CB /* LogStreamer.swift */ = {isa = PBXFileReference; lastKnownFileType = sourcecode.swift; path = LogStreamer.swift; sourceTree = "<group>"; };
/* End PBXFileReference section */

/* Begin PBXFrameworksBuildPhase section */
		2CFADBC3298E811C002E89CB /* Frameworks */ = {
			isa = PBXFrameworksBuildPhase;
			buildActionMask = 2147483647;
			files = (
				2C13C17F299416F700AFF25F /* ArgumentParser in Frameworks */,
			);
			runOnlyForDeploymentPostprocessing = 0;
		};
/* End PBXFrameworksBuildPhase section */

/* Begin PBXGroup section */
		2CFADBBD298E811C002E89CB = {
			isa = PBXGroup;
			children = (
				2C2869C6299B83B90087BBF3 /* README.md */,
				2CFADBC8298E811C002E89CB /* Popensample */,
				2CFADBC7298E811C002E89CB /* Products */,
			);
			sourceTree = "<group>";
		};
		2CFADBC7298E811C002E89CB /* Products */ = {
			isa = PBXGroup;
			children = (
				2CFADBC6298E811C002E89CB /* logdreamer */,
			);
			name = Products;
			sourceTree = "<group>";
		};
		2CFADBC8298E811C002E89CB /* Popensample */ = {
			isa = PBXGroup;
			children = (
				2CC0E43529A3700800B4F5DD /* Info.plist */,
				2CFADBC9298E811C002E89CB /* LogStreamer.swift */,
				2C13C1842994F81100AFF25F /* LogStreamer+doc.swift */,
				2C13C1822994F73700AFF25F /* LogStreamer+run.swift */,
				2C13C1802994F6C400AFF25F /* LineBuffer.swift */,
				2C13C17B2993B20B00AFF25F /* LogStats.swift */,
				2C2869C4299A51A40087BBF3 /* LogStats+KeyValue.swift */,
				2C5AAC822991018A002F4A77 /* LogRecord.swift */,
				2C64DCD02997B59B00B18740 /* LogRecordSave.swift */,
				2CC0E43329A35FE600B4F5DD /* Logger+extensions.swift */,
			);
			path = Popensample;
			sourceTree = "<group>";
		};
/* End PBXGroup section */

/* Begin PBXNativeTarget section */
		2CFADBC5298E811C002E89CB /* logdreamer */ = {
			isa = PBXNativeTarget;
			buildConfigurationList = 2CFADBCD298E811C002E89CB /* Build configuration list for PBXNativeTarget "logdreamer" */;
			buildPhases = (
				2CFADBC2298E811C002E89CB /* Sources */,
				2CFADBC3298E811C002E89CB /* Frameworks */,
				2CFADBC4298E811C002E89CB /* CopyFiles */,
				2C5AAC8429926277002F4A77 /* ShellScript */,
			);
			buildRules = (
			);
			dependencies = (
			);
			name = logdreamer;
			packageProductDependencies = (
				2C13C17E299416F700AFF25F /* ArgumentParser */,
			);
			productName = Popensample;
			productReference = 2CFADBC6298E811C002E89CB /* logdreamer */;
			productType = "com.apple.product-type.tool";
		};
/* End PBXNativeTarget section */

/* Begin PBXProject section */
		2CFADBBE298E811C002E89CB /* Project object */ = {
			isa = PBXProject;
			attributes = {
				BuildIndependentTargetsInParallel = 1;
				LastSwiftUpdateCheck = 1420;
				LastUpgradeCheck = 1420;
				TargetAttributes = {
					2CFADBC5298E811C002E89CB = {
						CreatedOnToolsVersion = 14.2;
					};
				};
			};
			buildConfigurationList = 2CFADBC1298E811C002E89CB /* Build configuration list for PBXProject "Popensample" */;
			compatibilityVersion = "Xcode 14.0";
			developmentRegion = en;
			hasScannedForEncodings = 0;
			knownRegions = (
				en,
				Base,
			);
			mainGroup = 2CFADBBD298E811C002E89CB;
			packageReferences = (
				2C13C17D299416F700AFF25F /* XCRemoteSwiftPackageReference "swift-argument-parser" */,
			);
			productRefGroup = 2CFADBC7298E811C002E89CB /* Products */;
			projectDirPath = "";
			projectRoot = "";
			targets = (
				2CFADBC5298E811C002E89CB /* logdreamer */,
			);
		};
/* End PBXProject section */

/* Begin PBXShellScriptBuildPhase section */
		2C5AAC8429926277002F4A77 /* ShellScript */ = {
			isa = PBXShellScriptBuildPhase;
			alwaysOutOfDate = 1;
			buildActionMask = 2147483647;
			files = (
			);
			inputFileListPaths = (
			);
			inputPaths = (
			);
			outputFileListPaths = (
			);
			outputPaths = (
			);
			runOnlyForDeploymentPostprocessing = 0;
			shellPath = /bin/sh;
			shellScript = "echo \"$BUILT_PRODUCTS_DIR\" > ~/Library/Developer/Xcode/DerivedData/built_products_dir\n";
			showEnvVarsInLog = 0;
		};
/* End PBXShellScriptBuildPhase section */

/* Begin PBXSourcesBuildPhase section */
		2CFADBC2298E811C002E89CB /* Sources */ = {
			isa = PBXSourcesBuildPhase;
			buildActionMask = 2147483647;
			files = (
				2C64DCD12997B59B00B18740 /* LogRecordSave.swift in Sources */,
				2C13C17C2993B20B00AFF25F /* LogStats.swift in Sources */,
				2C13C1812994F6C400AFF25F /* LineBuffer.swift in Sources */,
				2C13C1852994F81100AFF25F /* LogStreamer+doc.swift in Sources */,
				2C13C1832994F73700AFF25F /* LogStreamer+run.swift in Sources */,
				2C2869C5299A51A40087BBF3 /* LogStats+KeyValue.swift in Sources */,
				2CC0E43429A35FE600B4F5DD /* Logger+extensions.swift in Sources */,
				2CFADBCA298E811C002E89CB /* LogStreamer.swift in Sources */,
				2C5AAC832991018A002F4A77 /* LogRecord.swift in Sources */,
			);
			runOnlyForDeploymentPostprocessing = 0;
		};
/* End PBXSourcesBuildPhase section */

/* Begin XCBuildConfiguration section */
		2CFADBCB298E811C002E89CB /* Debug */ = {
			isa = XCBuildConfiguration;
			buildSettings = {
				ALWAYS_SEARCH_USER_PATHS = NO;
				CLANG_ANALYZER_NONNULL = YES;
				CLANG_ANALYZER_NUMBER_OBJECT_CONVERSION = YES_AGGRESSIVE;
				CLANG_CXX_LANGUAGE_STANDARD = "gnu++20";
				CLANG_ENABLE_MODULES = YES;
				CLANG_ENABLE_OBJC_ARC = YES;
				CLANG_ENABLE_OBJC_WEAK = YES;
				CLANG_WARN_BLOCK_CAPTURE_AUTORELEASING = YES;
				CLANG_WARN_BOOL_CONVERSION = YES;
				CLANG_WARN_COMMA = YES;
				CLANG_WARN_CONSTANT_CONVERSION = YES;
				CLANG_WARN_DEPRECATED_OBJC_IMPLEMENTATIONS = YES;
				CLANG_WARN_DIRECT_OBJC_ISA_USAGE = YES_ERROR;
				CLANG_WARN_DOCUMENTATION_COMMENTS = YES;
				CLANG_WARN_EMPTY_BODY = YES;
				CLANG_WARN_ENUM_CONVERSION = YES;
				CLANG_WARN_INFINITE_RECURSION = YES;
				CLANG_WARN_INT_CONVERSION = YES;
				CLANG_WARN_NON_LITERAL_NULL_CONVERSION = YES;
				CLANG_WARN_OBJC_IMPLICIT_RETAIN_SELF = YES;
				CLANG_WARN_OBJC_LITERAL_CONVERSION = YES;
				CLANG_WARN_OBJC_ROOT_CLASS = YES_ERROR;
				CLANG_WARN_QUOTED_INCLUDE_IN_FRAMEWORK_HEADER = YES;
				CLANG_WARN_RANGE_LOOP_ANALYSIS = YES;
				CLANG_WARN_STRICT_PROTOTYPES = YES;
				CLANG_WARN_SUSPICIOUS_MOVE = YES;
				CLANG_WARN_UNGUARDED_AVAILABILITY = YES_AGGRESSIVE;
				CLANG_WARN_UNREACHABLE_CODE = YES;
				CLANG_WARN__DUPLICATE_METHOD_MATCH = YES;
				COPY_PHASE_STRIP = NO;
				DEBUG_INFORMATION_FORMAT = dwarf;
				ENABLE_STRICT_OBJC_MSGSEND = YES;
				ENABLE_TESTABILITY = YES;
				GCC_C_LANGUAGE_STANDARD = gnu11;
				GCC_DYNAMIC_NO_PIC = NO;
				GCC_NO_COMMON_BLOCKS = YES;
				GCC_OPTIMIZATION_LEVEL = 0;
				GCC_PREPROCESSOR_DEFINITIONS = (
					"DEBUG=1",
					"$(inherited)",
				);
				GCC_WARN_64_TO_32_BIT_CONVERSION = YES;
				GCC_WARN_ABOUT_RETURN_TYPE = YES_ERROR;
				GCC_WARN_UNDECLARED_SELECTOR = YES;
				GCC_WARN_UNINITIALIZED_AUTOS = YES_AGGRESSIVE;
				GCC_WARN_UNUSED_FUNCTION = YES;
				GCC_WARN_UNUSED_VARIABLE = YES;
				MACOSX_DEPLOYMENT_TARGET = 13.1;
				MTL_ENABLE_DEBUG_INFO = INCLUDE_SOURCE;
				MTL_FAST_MATH = YES;
				ONLY_ACTIVE_ARCH = YES;
				SDKROOT = macosx;
				SWIFT_ACTIVE_COMPILATION_CONDITIONS = DEBUG;
				SWIFT_OPTIMIZATION_LEVEL = "-Onone";
			};
			name = Debug;
		};
		2CFADBCC298E811C002E89CB /* Release */ = {
			isa = XCBuildConfiguration;
			buildSettings = {
				ALWAYS_SEARCH_USER_PATHS = NO;
				CLANG_ANALYZER_NONNULL = YES;
				CLANG_ANALYZER_NUMBER_OBJECT_CONVERSION = YES_AGGRESSIVE;
				CLANG_CXX_LANGUAGE_STANDARD = "gnu++20";
				CLANG_ENABLE_MODULES = YES;
				CLANG_ENABLE_OBJC_ARC = YES;
				CLANG_ENABLE_OBJC_WEAK = YES;
				CLANG_WARN_BLOCK_CAPTURE_AUTORELEASING = YES;
				CLANG_WARN_BOOL_CONVERSION = YES;
				CLANG_WARN_COMMA = YES;
				CLANG_WARN_CONSTANT_CONVERSION = YES;
				CLANG_WARN_DEPRECATED_OBJC_IMPLEMENTATIONS = YES;
				CLANG_WARN_DIRECT_OBJC_ISA_USAGE = YES_ERROR;
				CLANG_WARN_DOCUMENTATION_COMMENTS = YES;
				CLANG_WARN_EMPTY_BODY = YES;
				CLANG_WARN_ENUM_CONVERSION = YES;
				CLANG_WARN_INFINITE_RECURSION = YES;
				CLANG_WARN_INT_CONVERSION = YES;
				CLANG_WARN_NON_LITERAL_NULL_CONVERSION = YES;
				CLANG_WARN_OBJC_IMPLICIT_RETAIN_SELF = YES;
				CLANG_WARN_OBJC_LITERAL_CONVERSION = YES;
				CLANG_WARN_OBJC_ROOT_CLASS = YES_ERROR;
				CLANG_WARN_QUOTED_INCLUDE_IN_FRAMEWORK_HEADER = YES;
				CLANG_WARN_RANGE_LOOP_ANALYSIS = YES;
				CLANG_WARN_STRICT_PROTOTYPES = YES;
				CLANG_WARN_SUSPICIOUS_MOVE = YES;
				CLANG_WARN_UNGUARDED_AVAILABILITY = YES_AGGRESSIVE;
				CLANG_WARN_UNREACHABLE_CODE = YES;
				CLANG_WARN__DUPLICATE_METHOD_MATCH = YES;
				COPY_PHASE_STRIP = NO;
				DEBUG_INFORMATION_FORMAT = "dwarf-with-dsym";
				ENABLE_NS_ASSERTIONS = NO;
				ENABLE_STRICT_OBJC_MSGSEND = YES;
				GCC_C_LANGUAGE_STANDARD = gnu11;
				GCC_NO_COMMON_BLOCKS = YES;
				GCC_WARN_64_TO_32_BIT_CONVERSION = YES;
				GCC_WARN_ABOUT_RETURN_TYPE = YES_ERROR;
				GCC_WARN_UNDECLARED_SELECTOR = YES;
				GCC_WARN_UNINITIALIZED_AUTOS = YES_AGGRESSIVE;
				GCC_WARN_UNUSED_FUNCTION = YES;
				GCC_WARN_UNUSED_VARIABLE = YES;
				MACOSX_DEPLOYMENT_TARGET = 13.1;
				MTL_ENABLE_DEBUG_INFO = NO;
				MTL_FAST_MATH = YES;
				SDKROOT = macosx;
				SWIFT_COMPILATION_MODE = wholemodule;
				SWIFT_OPTIMIZATION_LEVEL = "-O";
			};
			name = Release;
		};
		2CFADBCE298E811C002E89CB /* Debug */ = {
			isa = XCBuildConfiguration;
			buildSettings = {
				CODE_SIGN_STYLE = Automatic;
				CREATE_INFOPLIST_SECTION_IN_BINARY = YES;
				DEVELOPMENT_TEAM = Q9ZPPSVJTP;
				ENABLE_HARDENED_RUNTIME = YES;
				INFOPLIST_FILE = "$(SRCROOT)/Popensample/Info.plist";
				PRODUCT_BUNDLE_IDENTIFIER = com.me.logdreamer;
				PRODUCT_NAME = "$(TARGET_NAME)";
				SWIFT_VERSION = 5.0;
			};
			name = Debug;
		};
		2CFADBCF298E811C002E89CB /* Release */ = {
			isa = XCBuildConfiguration;
			buildSettings = {
				CODE_SIGN_STYLE = Automatic;
				CREATE_INFOPLIST_SECTION_IN_BINARY = YES;
				DEVELOPMENT_TEAM = Q9ZPPSVJTP;
				ENABLE_HARDENED_RUNTIME = YES;
				INFOPLIST_FILE = "$(SRCROOT)/Popensample/Info.plist";
				PRODUCT_BUNDLE_IDENTIFIER = com.me.logdreamer;
				PRODUCT_NAME = "$(TARGET_NAME)";
				SWIFT_VERSION = 5.0;
			};
			name = Release;
		};
/* End XCBuildConfiguration section */

/* Begin XCConfigurationList section */
		2CFADBC1298E811C002E89CB /* Build configuration list for PBXProject "Popensample" */ = {
			isa = XCConfigurationList;
			buildConfigurations = (
				2CFADBCB298E811C002E89CB /* Debug */,
				2CFADBCC298E811C002E89CB /* Release */,
			);
			defaultConfigurationIsVisible = 0;
			defaultConfigurationName = Release;
		};
		2CFADBCD298E811C002E89CB /* Build configuration list for PBXNativeTarget "logdreamer" */ = {
			isa = XCConfigurationList;
			buildConfigurations = (
				2CFADBCE298E811C002E89CB /* Debug */,
				2CFADBCF298E811C002E89CB /* Release */,
			);
			defaultConfigurationIsVisible = 0;
			defaultConfigurationName = Release;
		};
/* End XCConfigurationList section */

/* Begin XCRemoteSwiftPackageReference section */
		2C13C17D299416F700AFF25F /* XCRemoteSwiftPackageReference "swift-argument-parser" */ = {
			isa = XCRemoteSwiftPackageReference;
			repositoryURL = "https://github.com/apple/swift-argument-parser.git";
			requirement = {
				kind = upToNextMajorVersion;
				minimumVersion = 1.0.0;
			};
		};
/* End XCRemoteSwiftPackageReference section */

/* Begin XCSwiftPackageProductDependency section */
		2C13C17E299416F700AFF25F /* ArgumentParser */ = {
			isa = XCSwiftPackageProductDependency;
			package = 2C13C17D299416F700AFF25F /* XCRemoteSwiftPackageReference "swift-argument-parser" */;
			productName = ArgumentParser;
		};
/* End XCSwiftPackageProductDependency section */
	};
	rootObject = 2CFADBBE298E811C002E89CB /* Project object */;
}
